
Microsoft Visual Studio Solution File, Format Version 12.00
# Visual Studio Version 17
VisualStudioVersion = 17.0.31903.59
MinimumVisualStudioVersion = 10.0.40219.1
Project("{2150E333-8FDC-42A3-9474-1A3956D46DE8}") = "services", "services", "{5854FF58-B8C5-05C6-5BF2-ACE42193F22B}"
EndProject
Project("{2150E333-8FDC-42A3-9474-1A3956D46DE8}") = "IdentityService", "IdentityService", "{DD206F60-1FAF-ED75-6FA2-9D7982884EA4}"
EndProject
Project("{FAE04EC0-301F-11D3-BF4B-00C04F79EFBC}") = "ShopSphere.IdentityService.API", "services\IdentityService\ShopSphere.IdentityService.API\ShopSphere.IdentityService.API.csproj", "{C6FF48A8-6777-43B5-9E7C-22D25387CFFA}"
EndProject
Project("{FAE04EC0-301F-11D3-BF4B-00C04F79EFBC}") = "ShopSphere.IdentityService.Application", "services\IdentityService\ShopSphere.IdentityService.Application\ShopSphere.IdentityService.Application.csproj", "{FEEE7235-C2B5-4789-8532-618F41BD99E3}"
EndProject
Project("{FAE04EC0-301F-11D3-BF4B-00C04F79EFBC}") = "ShopSphere.IdentityService.Domain", "services\IdentityService\ShopSphere.IdentityService.Domain\ShopSphere.IdentityService.Domain.csproj", "{38A10310-CD10-47DD-9056-CDBDBF056E57}"
EndProject
Project("{FAE04EC0-301F-11D3-BF4B-00C04F79EFBC}") = "ShopSphere.IdentityService.Infrastructure", "services\IdentityService\ShopSphere.IdentityService.Infrastructure\ShopSphere.IdentityService.Infrastructure.csproj", "{36644C84-368E-4035-8B53-5F5C73AD4501}"
EndProject
Project("{FAE04EC0-301F-11D3-BF4B-00C04F79EFBC}") = "ShopSphere.ApiGateway", "services\ShopSphere.ApiGateway\ShopSphere.ApiGateway.csproj", "{EE3F793B-3BF3-431B-9267-EE17ABF63DAE}"
EndProject
Project("{2150E333-8FDC-42A3-9474-1A3956D46DE8}") = "docker", "docker", "{02EA681E-C7D8-13C7-8484-4AC65E1B71E8}"
	ProjectSection(SolutionItems) = preProject
		docker\docker-compose.yml = docker\docker-compose.yml
	EndProjectSection
EndProject
Project("{2150E333-8FDC-42A3-9474-1A3956D46DE8}") = "docs", "docs", "{FC46F368-7268-469A-A882-359109530333}"
	ProjectSection(SolutionItems) = preProject
		docs\DevelopmentProgress.md = docs\DevelopmentProgress.md
		docs\ProjectOverview.md = docs\ProjectOverview.md
	EndProjectSection
EndProject
Project("{2150E333-8FDC-42A3-9474-1A3956D46DE8}") = "architecture", "architecture", "{468BA359-DF77-43DC-90FC-C125108B9913}"
	ProjectSection(SolutionItems) = preProject
		architecture\CleanArchitecture.md = architecture\CleanArchitecture.md
		architecture\FolderStructure.md = architecture\FolderStructure.md
	EndProjectSection
EndProject
Project("{2150E333-8FDC-42A3-9474-1A3956D46DE8}") = "Solution Items", "Solution Items", "{8EC462FD-D22E-90A8-E5CE-7E832BA40C5D}"
	ProjectSection(SolutionItems) = preProject
		README.md = README.md
	EndProjectSection
EndProject
Project("{2150E333-8FDC-42A3-9474-1A3956D46DE8}") = "ProductService", "ProductService", "{1C57C2D2-1246-804C-0890-EC7B6BEC053B}"
EndProject
Project("{FAE04EC0-301F-11D3-BF4B-00C04F79EFBC}") = "ShopSphere.ProductService.API", "services\ProductService\ShopSphere.ProductService.API\ShopSphere.ProductService.API.csproj", "{BAB294C9-5204-4BDC-B2B3-4AE3237694AF}"
EndProject
Project("{FAE04EC0-301F-11D3-BF4B-00C04F79EFBC}") = "ShopSphere.ProductService.Application", "services\ProductService\ShopSphere.ProductService.Application\ShopSphere.ProductService.Application.csproj", "{C439CA4A-02E5-4C84-9A06-81D10B8B2086}"
EndProject
Project("{FAE04EC0-301F-11D3-BF4B-00C04F79EFBC}") = "ShopSphere.ProductService.Domain", "services\ProductService\ShopSphere.ProductService.Domain\ShopSphere.ProductService.Domain.csproj", "{F7656225-64A9-4AFF-97FF-36AEF111F9E3}"
EndProject
Project("{FAE04EC0-301F-11D3-BF4B-00C04F79EFBC}") = "ShopSphere.ProductService.Infrastructure", "services\ProductService\ShopSphere.ProductService.Infrastructure\ShopSphere.ProductService.Infrastructure.csproj", "{AE0A566F-3476-4173-B29D-748CF8376399}"
EndProject
Project("{2150E333-8FDC-42A3-9474-1A3956D46DE8}") = "OrderService", "OrderService", "{05772A79-6677-48D6-4812-5BDCDF485F71}"
EndProject
Project("{FAE04EC0-301F-11D3-BF4B-00C04F79EFBC}") = "ShopSphere.OrderService.Infrastructure", "services\OrderService\ShopSphere.OrderService.Infrastructure\ShopSphere.OrderService.Infrastructure.csproj", "{3BEE1D6F-0AA4-45CB-BEB3-AC876FEA589A}"
EndProject
Project("{FAE04EC0-301F-11D3-BF4B-00C04F79EFBC}") = "ShopSphere.OrderService.API", "services\OrderService\ShopSphere.OrderService.API\ShopSphere.OrderService.API.csproj", "{A11420DF-DDE3-4911-A198-91173FA659F1}"
EndProject
Project("{FAE04EC0-301F-11D3-BF4B-00C04F79EFBC}") = "ShopSphere.OrderService.Application", "services\OrderService\ShopSphere.OrderService.Application\ShopSphere.OrderService.Application.csproj", "{A897B089-2D57-40C4-B5CD-A4C15AFF3C5A}"
EndProject
Project("{FAE04EC0-301F-11D3-BF4B-00C04F79EFBC}") = "ShopSphere.OrderService.Domain", "services\OrderService\ShopSphere.OrderService.Domain\ShopSphere.OrderService.Domain.csproj", "{40BE32D3-F2BB-406A-9411-96ACB3422AE7}"
EndProject
Project("{2150E333-8FDC-42A3-9474-1A3956D46DE8}") = "InventoryService", "InventoryService", "{BE20E719-B6B5-F723-937D-3652F6094FC5}"
EndProject
Project("{FAE04EC0-301F-11D3-BF4B-00C04F79EFBC}") = "ShopSphere.InventoryService.API", "services\InventoryService\ShopSphere.InventoryService.API\ShopSphere.InventoryService.API.csproj", "{C7BB8152-8C31-4E25-ADA6-7ED8BA2381E5}"
EndProject
Project("{FAE04EC0-301F-11D3-BF4B-00C04F79EFBC}") = "ShopSphere.InventoryService.Application", "services\InventoryService\ShopSphere.InventoryService.Application\ShopSphere.InventoryService.Application.csproj", "{6FD5AA5E-57FA-49EE-8ECD-911B570F0593}"
EndProject
Project("{FAE04EC0-301F-11D3-BF4B-00C04F79EFBC}") = "ShopSphere.InventoryService.Domain", "services\InventoryService\ShopSphere.InventoryService.Domain\ShopSphere.InventoryService.Domain.csproj", "{F548E99A-3825-40BC-8E96-E4575B954729}"
EndProject
Project("{FAE04EC0-301F-11D3-BF4B-00C04F79EFBC}") = "ShopSphere.InventoryService.Infrastructure", "services\InventoryService\ShopSphere.InventoryService.Infrastructure\ShopSphere.InventoryService.Infrastructure.csproj", "{4264B8A2-E8E1-4463-ABE0-1DC26B85A1FA}"
EndProject
Global
	GlobalSection(SolutionConfigurationPlatforms) = preSolution
		Debug|Any CPU = Debug|Any CPU
		Debug|x64 = Debug|x64
		Debug|x86 = Debug|x86
		Release|Any CPU = Release|Any CPU
		Release|x64 = Release|x64
		Release|x86 = Release|x86
	EndGlobalSection
	GlobalSection(ProjectConfigurationPlatforms) = postSolution
		{C6FF48A8-6777-43B5-9E7C-22D25387CFFA}.Debug|Any CPU.ActiveCfg = Debug|Any CPU
		{C6FF48A8-6777-43B5-9E7C-22D25387CFFA}.Debug|Any CPU.Build.0 = Debug|Any CPU
		{C6FF48A8-6777-43B5-9E7C-22D25387CFFA}.Debug|x64.ActiveCfg = Debug|Any CPU
		{C6FF48A8-6777-43B5-9E7C-22D25387CFFA}.Debug|x64.Build.0 = Debug|Any CPU
		{C6FF48A8-6777-43B5-9E7C-22D25387CFFA}.Debug|x86.ActiveCfg = Debug|Any CPU
		{C6FF48A8-6777-43B5-9E7C-22D25387CFFA}.Debug|x86.Build.0 = Debug|Any CPU
		{C6FF48A8-6777-43B5-9E7C-22D25387CFFA}.Release|Any CPU.ActiveCfg = Release|Any CPU
		{C6FF48A8-6777-43B5-9E7C-22D25387CFFA}.Release|Any CPU.Build.0 = Release|Any CPU
		{C6FF48A8-6777-43B5-9E7C-22D25387CFFA}.Release|x64.ActiveCfg = Release|Any CPU
		{C6FF48A8-6777-43B5-9E7C-22D25387CFFA}.Release|x64.Build.0 = Release|Any CPU
		{C6FF48A8-6777-43B5-9E7C-22D25387CFFA}.Release|x86.ActiveCfg = Release|Any CPU
		{C6FF48A8-6777-43B5-9E7C-22D25387CFFA}.Release|x86.Build.0 = Release|Any CPU
		{FEEE7235-C2B5-4789-8532-618F41BD99E3}.Debug|Any CPU.ActiveCfg = Debug|Any CPU
		{FEEE7235-C2B5-4789-8532-618F41BD99E3}.Debug|Any CPU.Build.0 = Debug|Any CPU
		{FEEE7235-C2B5-4789-8532-618F41BD99E3}.Debug|x64.ActiveCfg = Debug|Any CPU
		{FEEE7235-C2B5-4789-8532-618F41BD99E3}.Debug|x64.Build.0 = Debug|Any CPU
		{FEEE7235-C2B5-4789-8532-618F41BD99E3}.Debug|x86.ActiveCfg = Debug|Any CPU
		{FEEE7235-C2B5-4789-8532-618F41BD99E3}.Debug|x86.Build.0 = Debug|Any CPU
		{FEEE7235-C2B5-4789-8532-618F41BD99E3}.Release|Any CPU.ActiveCfg = Release|Any CPU
		{FEEE7235-C2B5-4789-8532-618F41BD99E3}.Release|Any CPU.Build.0 = Release|Any CPU
		{FEEE7235-C2B5-4789-8532-618F41BD99E3}.Release|x64.ActiveCfg = Release|Any CPU
		{FEEE7235-C2B5-4789-8532-618F41BD99E3}.Release|x64.Build.0 = Release|Any CPU
		{FEEE7235-C2B5-4789-8532-618F41BD99E3}.Release|x86.ActiveCfg = Release|Any CPU
		{FEEE7235-C2B5-4789-8532-618F41BD99E3}.Release|x86.Build.0 = Release|Any CPU
		{38A10310-CD10-47DD-9056-CDBDBF056E57}.Debug|Any CPU.ActiveCfg = Debug|Any CPU
		{38A10310-CD10-47DD-9056-CDBDBF056E57}.Debug|Any CPU.Build.0 = Debug|Any CPU
		{38A10310-CD10-47DD-9056-CDBDBF056E57}.Debug|x64.ActiveCfg = Debug|Any CPU
		{38A10310-CD10-47DD-9056-CDBDBF056E57}.Debug|x64.Build.0 = Debug|Any CPU
		{38A10310-CD10-47DD-9056-CDBDBF056E57}.Debug|x86.ActiveCfg = Debug|Any CPU
		{38A10310-CD10-47DD-9056-CDBDBF056E57}.Debug|x86.Build.0 = Debug|Any CPU
		{38A10310-CD10-47DD-9056-CDBDBF056E57}.Release|Any CPU.ActiveCfg = Release|Any CPU
		{38A10310-CD10-47DD-9056-CDBDBF056E57}.Release|Any CPU.Build.0 = Release|Any CPU
		{38A10310-CD10-47DD-9056-CDBDBF056E57}.Release|x64.ActiveCfg = Release|Any CPU
		{38A10310-CD10-47DD-9056-CDBDBF056E57}.Release|x64.Build.0 = Release|Any CPU
		{38A10310-CD10-47DD-9056-CDBDBF056E57}.Release|x86.ActiveCfg = Release|Any CPU
		{38A10310-CD10-47DD-9056-CDBDBF056E57}.Release|x86.Build.0 = Release|Any CPU
		{36644C84-368E-4035-8B53-5F5C73AD4501}.Debug|Any CPU.ActiveCfg = Debug|Any CPU
		{36644C84-368E-4035-8B53-5F5C73AD4501}.Debug|Any CPU.Build.0 = Debug|Any CPU
		{36644C84-368E-4035-8B53-5F5C73AD4501}.Debug|x64.ActiveCfg = Debug|Any CPU
		{36644C84-368E-4035-8B53-5F5C73AD4501}.Debug|x64.Build.0 = Debug|Any CPU
		{36644C84-368E-4035-8B53-5F5C73AD4501}.Debug|x86.ActiveCfg = Debug|Any CPU
		{36644C84-368E-4035-8B53-5F5C73AD4501}.Debug|x86.Build.0 = Debug|Any CPU
		{36644C84-368E-4035-8B53-5F5C73AD4501}.Release|Any CPU.ActiveCfg = Release|Any CPU
		{36644C84-368E-4035-8B53-5F5C73AD4501}.Release|Any CPU.Build.0 = Release|Any CPU
		{36644C84-368E-4035-8B53-5F5C73AD4501}.Release|x64.ActiveCfg = Release|Any CPU
		{36644C84-368E-4035-8B53-5F5C73AD4501}.Release|x64.Build.0 = Release|Any CPU
		{36644C84-368E-4035-8B53-5F5C73AD4501}.Release|x86.ActiveCfg = Release|Any CPU
		{36644C84-368E-4035-8B53-5F5C73AD4501}.Release|x86.Build.0 = Release|Any CPU
		{EE3F793B-3BF3-431B-9267-EE17ABF63DAE}.Debug|Any CPU.ActiveCfg = Debug|Any CPU
		{EE3F793B-3BF3-431B-9267-EE17ABF63DAE}.Debug|Any CPU.Build.0 = Debug|Any CPU
		{EE3F793B-3BF3-431B-9267-EE17ABF63DAE}.Debug|x64.ActiveCfg = Debug|Any CPU
		{EE3F793B-3BF3-431B-9267-EE17ABF63DAE}.Debug|x64.Build.0 = Debug|Any CPU
		{EE3F793B-3BF3-431B-9267-EE17ABF63DAE}.Debug|x86.ActiveCfg = Debug|Any CPU
		{EE3F793B-3BF3-431B-9267-EE17ABF63DAE}.Debug|x86.Build.0 = Debug|Any CPU
		{EE3F793B-3BF3-431B-9267-EE17ABF63DAE}.Release|Any CPU.ActiveCfg = Release|Any CPU
		{EE3F793B-3BF3-431B-9267-EE17ABF63DAE}.Release|Any CPU.Build.0 = Release|Any CPU
		{EE3F793B-3BF3-431B-9267-EE17ABF63DAE}.Release|x64.ActiveCfg = Release|Any CPU
		{EE3F793B-3BF3-431B-9267-EE17ABF63DAE}.Release|x64.Build.0 = Release|Any CPU
		{EE3F793B-3BF3-431B-9267-EE17ABF63DAE}.Release|x86.ActiveCfg = Release|Any CPU
		{EE3F793B-3BF3-431B-9267-EE17ABF63DAE}.Release|x86.Build.0 = Release|Any CPU
		{BAB294C9-5204-4BDC-B2B3-4AE3237694AF}.Debug|Any CPU.ActiveCfg = Debug|Any CPU
		{BAB294C9-5204-4BDC-B2B3-4AE3237694AF}.Debug|Any CPU.Build.0 = Debug|Any CPU
		{BAB294C9-5204-4BDC-B2B3-4AE3237694AF}.Debug|x64.ActiveCfg = Debug|Any CPU
		{BAB294C9-5204-4BDC-B2B3-4AE3237694AF}.Debug|x64.Build.0 = Debug|Any CPU
		{BAB294C9-5204-4BDC-B2B3-4AE3237694AF}.Debug|x86.ActiveCfg = Debug|Any CPU
		{BAB294C9-5204-4BDC-B2B3-4AE3237694AF}.Debug|x86.Build.0 = Debug|Any CPU
		{BAB294C9-5204-4BDC-B2B3-4AE3237694AF}.Release|Any CPU.ActiveCfg = Release|Any CPU
		{BAB294C9-5204-4BDC-B2B3-4AE3237694AF}.Release|Any CPU.Build.0 = Release|Any CPU
		{BAB294C9-5204-4BDC-B2B3-4AE3237694AF}.Release|x64.ActiveCfg = Release|Any CPU
		{BAB294C9-5204-4BDC-B2B3-4AE3237694AF}.Release|x64.Build.0 = Release|Any CPU
		{BAB294C9-5204-4BDC-B2B3-4AE3237694AF}.Release|x86.ActiveCfg = Release|Any CPU
		{BAB294C9-5204-4BDC-B2B3-4AE3237694AF}.Release|x86.Build.0 = Release|Any CPU
		{C439CA4A-02E5-4C84-9A06-81D10B8B2086}.Debug|Any CPU.ActiveCfg = Debug|Any CPU
		{C439CA4A-02E5-4C84-9A06-81D10B8B2086}.Debug|Any CPU.Build.0 = Debug|Any CPU
		{C439CA4A-02E5-4C84-9A06-81D10B8B2086}.Debug|x64.ActiveCfg = Debug|Any CPU
		{C439CA4A-02E5-4C84-9A06-81D10B8B2086}.Debug|x64.Build.0 = Debug|Any CPU
		{C439CA4A-02E5-4C84-9A06-81D10B8B2086}.Debug|x86.ActiveCfg = Debug|Any CPU
		{C439CA4A-02E5-4C84-9A06-81D10B8B2086}.Debug|x86.Build.0 = Debug|Any CPU
		{C439CA4A-02E5-4C84-9A06-81D10B8B2086}.Release|Any CPU.ActiveCfg = Release|Any CPU
		{C439CA4A-02E5-4C84-9A06-81D10B8B2086}.Release|Any CPU.Build.0 = Release|Any CPU
		{C439CA4A-02E5-4C84-9A06-81D10B8B2086}.Release|x64.ActiveCfg = Release|Any CPU
		{C439CA4A-02E5-4C84-9A06-81D10B8B2086}.Release|x64.Build.0 = Release|Any CPU
		{C439CA4A-02E5-4C84-9A06-81D10B8B2086}.Release|x86.ActiveCfg = Release|Any CPU
		{C439CA4A-02E5-4C84-9A06-81D10B8B2086}.Release|x86.Build.0 = Release|Any CPU
		{F7656225-64A9-4AFF-97FF-36AEF111F9E3}.Debug|Any CPU.ActiveCfg = Debug|Any CPU
		{F7656225-64A9-4AFF-97FF-36AEF111F9E3}.Debug|Any CPU.Build.0 = Debug|Any CPU
		{F7656225-64A9-4AFF-97FF-36AEF111F9E3}.Debug|x64.ActiveCfg = Debug|Any CPU
		{F7656225-64A9-4AFF-97FF-36AEF111F9E3}.Debug|x64.Build.0 = Debug|Any CPU
		{F7656225-64A9-4AFF-97FF-36AEF111F9E3}.Debug|x86.ActiveCfg = Debug|Any CPU
		{F7656225-64A9-4AFF-97FF-36AEF111F9E3}.Debug|x86.Build.0 = Debug|Any CPU
		{F7656225-64A9-4AFF-97FF-36AEF111F9E3}.Release|Any CPU.ActiveCfg = Release|Any CPU
		{F7656225-64A9-4AFF-97FF-36AEF111F9E3}.Release|Any CPU.Build.0 = Release|Any CPU
		{F7656225-64A9-4AFF-97FF-36AEF111F9E3}.Release|x64.ActiveCfg = Release|Any CPU
		{F7656225-64A9-4AFF-97FF-36AEF111F9E3}.Release|x64.Build.0 = Release|Any CPU
		{F7656225-64A9-4AFF-97FF-36AEF111F9E3}.Release|x86.ActiveCfg = Release|Any CPU
		{F7656225-64A9-4AFF-97FF-36AEF111F9E3}.Release|x86.Build.0 = Release|Any CPU
		{AE0A566F-3476-4173-B29D-748CF8376399}.Debug|Any CPU.ActiveCfg = Debug|Any CPU
		{AE0A566F-3476-4173-B29D-748CF8376399}.Debug|Any CPU.Build.0 = Debug|Any CPU
		{AE0A566F-3476-4173-B29D-748CF8376399}.Debug|x64.ActiveCfg = Debug|Any CPU
		{AE0A566F-3476-4173-B29D-748CF8376399}.Debug|x64.Build.0 = Debug|Any CPU
		{AE0A566F-3476-4173-B29D-748CF8376399}.Debug|x86.ActiveCfg = Debug|Any CPU
		{AE0A566F-3476-4173-B29D-748CF8376399}.Debug|x86.Build.0 = Debug|Any CPU
		{AE0A566F-3476-4173-B29D-748CF8376399}.Release|Any CPU.ActiveCfg = Release|Any CPU
		{AE0A566F-3476-4173-B29D-748CF8376399}.Release|Any CPU.Build.0 = Release|Any CPU
		{AE0A566F-3476-4173-B29D-748CF8376399}.Release|x64.ActiveCfg = Release|Any CPU
		{AE0A566F-3476-4173-B29D-748CF8376399}.Release|x64.Build.0 = Release|Any CPU
		{AE0A566F-3476-4173-B29D-748CF8376399}.Release|x86.ActiveCfg = Release|Any CPU
		{AE0A566F-3476-4173-B29D-748CF8376399}.Release|x86.Build.0 = Release|Any CPU
		{3BEE1D6F-0AA4-45CB-BEB3-AC876FEA589A}.Debug|Any CPU.ActiveCfg = Debug|Any CPU
		{3BEE1D6F-0AA4-45CB-BEB3-AC876FEA589A}.Debug|Any CPU.Build.0 = Debug|Any CPU
		{3BEE1D6F-0AA4-45CB-BEB3-AC876FEA589A}.Debug|x64.ActiveCfg = Debug|Any CPU
		{3BEE1D6F-0AA4-45CB-BEB3-AC876FEA589A}.Debug|x64.Build.0 = Debug|Any CPU
		{3BEE1D6F-0AA4-45CB-BEB3-AC876FEA589A}.Debug|x86.ActiveCfg = Debug|Any CPU
		{3BEE1D6F-0AA4-45CB-BEB3-AC876FEA589A}.Debug|x86.Build.0 = Debug|Any CPU
		{3BEE1D6F-0AA4-45CB-BEB3-AC876FEA589A}.Release|Any CPU.ActiveCfg = Release|Any CPU
		{3BEE1D6F-0AA4-45CB-BEB3-AC876FEA589A}.Release|Any CPU.Build.0 = Release|Any CPU
		{3BEE1D6F-0AA4-45CB-BEB3-AC876FEA589A}.Release|x64.ActiveCfg = Release|Any CPU
		{3BEE1D6F-0AA4-45CB-BEB3-AC876FEA589A}.Release|x64.Build.0 = Release|Any CPU
		{3BEE1D6F-0AA4-45CB-BEB3-AC876FEA589A}.Release|x86.ActiveCfg = Release|Any CPU
		{3BEE1D6F-0AA4-45CB-BEB3-AC876FEA589A}.Release|x86.Build.0 = Release|Any CPU
		{A11420DF-DDE3-4911-A198-91173FA659F1}.Debug|Any CPU.ActiveCfg = Debug|Any CPU
		{A11420DF-DDE3-4911-A198-91173FA659F1}.Debug|Any CPU.Build.0 = Debug|Any CPU
		{A11420DF-DDE3-4911-A198-91173FA659F1}.Debug|x64.ActiveCfg = Debug|Any CPU
		{A11420DF-DDE3-4911-A198-91173FA659F1}.Debug|x64.Build.0 = Debug|Any CPU
		{A11420DF-DDE3-4911-A198-91173FA659F1}.Debug|x86.ActiveCfg = Debug|Any CPU
		{A11420DF-DDE3-4911-A198-91173FA659F1}.Debug|x86.Build.0 = Debug|Any CPU
		{A11420DF-DDE3-4911-A198-91173FA659F1}.Release|Any CPU.ActiveCfg = Release|Any CPU
		{A11420DF-DDE3-4911-A198-91173FA659F1}.Release|Any CPU.Build.0 = Release|Any CPU
		{A11420DF-DDE3-4911-A198-91173FA659F1}.Release|x64.ActiveCfg = Release|Any CPU
		{A11420DF-DDE3-4911-A198-91173FA659F1}.Release|x64.Build.0 = Release|Any CPU
		{A11420DF-DDE3-4911-A198-91173FA659F1}.Release|x86.ActiveCfg = Release|Any CPU
		{A11420DF-DDE3-4911-A198-91173FA659F1}.Release|x86.Build.0 = Release|Any CPU
		{A897B089-2D57-40C4-B5CD-A4C15AFF3C5A}.Debug|Any CPU.ActiveCfg = Debug|Any CPU
		{A897B089-2D57-40C4-B5CD-A4C15AFF3C5A}.Debug|Any CPU.Build.0 = Debug|Any CPU
		{A897B089-2D57-40C4-B5CD-A4C15AFF3C5A}.Debug|x64.ActiveCfg = Debug|Any CPU
		{A897B089-2D57-40C4-B5CD-A4C15AFF3C5A}.Debug|x64.Build.0 = Debug|Any CPU
		{A897B089-2D57-40C4-B5CD-A4C15AFF3C5A}.Debug|x86.ActiveCfg = Debug|Any CPU
		{A897B089-2D57-40C4-B5CD-A4C15AFF3C5A}.Debug|x86.Build.0 = Debug|Any CPU
		{A897B089-2D57-40C4-B5CD-A4C15AFF3C5A}.Release|Any CPU.ActiveCfg = Release|Any CPU
		{A897B089-2D57-40C4-B5CD-A4C15AFF3C5A}.Release|Any CPU.Build.0 = Release|Any CPU
		{A897B089-2D57-40C4-B5CD-A4C15AFF3C5A}.Release|x64.ActiveCfg = Release|Any CPU
		{A897B089-2D57-40C4-B5CD-A4C15AFF3C5A}.Release|x64.Build.0 = Release|Any CPU
		{A897B089-2D57-40C4-B5CD-A4C15AFF3C5A}.Release|x86.ActiveCfg = Release|Any CPU
		{A897B089-2D57-40C4-B5CD-A4C15AFF3C5A}.Release|x86.Build.0 = Release|Any CPU
		{40BE32D3-F2BB-406A-9411-96ACB3422AE7}.Debug|Any CPU.ActiveCfg = Debug|Any CPU
		{40BE32D3-F2BB-406A-9411-96ACB3422AE7}.Debug|Any CPU.Build.0 = Debug|Any CPU
		{40BE32D3-F2BB-406A-9411-96ACB3422AE7}.Debug|x64.ActiveCfg = Debug|Any CPU
		{40BE32D3-F2BB-406A-9411-96ACB3422AE7}.Debug|x64.Build.0 = Debug|Any CPU
		{40BE32D3-F2BB-406A-9411-96ACB3422AE7}.Debug|x86.ActiveCfg = Debug|Any CPU
		{40BE32D3-F2BB-406A-9411-96ACB3422AE7}.Debug|x86.Build.0 = Debug|Any CPU
		{40BE32D3-F2BB-406A-9411-96ACB3422AE7}.Release|Any CPU.ActiveCfg = Release|Any CPU
		{40BE32D3-F2BB-406A-9411-96ACB3422AE7}.Release|Any CPU.Build.0 = Release|Any CPU
		{40BE32D3-F2BB-406A-9411-96ACB3422AE7}.Release|x64.ActiveCfg = Release|Any CPU
		{40BE32D3-F2BB-406A-9411-96ACB3422AE7}.Release|x64.Build.0 = Release|Any CPU
		{40BE32D3-F2BB-406A-9411-96ACB3422AE7}.Release|x86.ActiveCfg = Release|Any CPU
		{40BE32D3-F2BB-406A-9411-96ACB3422AE7}.Release|x86.Build.0 = Release|Any CPU
		{C7BB8152-8C31-4E25-ADA6-7ED8BA2381E5}.Debug|Any CPU.ActiveCfg = Debug|Any CPU
		{C7BB8152-8C31-4E25-ADA6-7ED8BA2381E5}.Debug|Any CPU.Build.0 = Debug|Any CPU
		{C7BB8152-8C31-4E25-ADA6-7ED8BA2381E5}.Debug|x64.ActiveCfg = Debug|Any CPU
		{C7BB8152-8C31-4E25-ADA6-7ED8BA2381E5}.Debug|x64.Build.0 = Debug|Any CPU
		{C7BB8152-8C31-4E25-ADA6-7ED8BA2381E5}.Debug|x86.ActiveCfg = Debug|Any CPU
		{C7BB8152-8C31-4E25-ADA6-7ED8BA2381E5}.Debug|x86.Build.0 = Debug|Any CPU
		{C7BB8152-8C31-4E25-ADA6-7ED8BA2381E5}.Release|Any CPU.ActiveCfg = Release|Any CPU
		{C7BB8152-8C31-4E25-ADA6-7ED8BA2381E5}.Release|Any CPU.Build.0 = Release|Any CPU
		{C7BB8152-8C31-4E25-ADA6-7ED8BA2381E5}.Release|x64.ActiveCfg = Release|Any CPU
		{C7BB8152-8C31-4E25-ADA6-7ED8BA2381E5}.Release|x64.Build.0 = Release|Any CPU
		{C7BB8152-8C31-4E25-ADA6-7ED8BA2381E5}.Release|x86.ActiveCfg = Release|Any CPU
		{C7BB8152-8C31-4E25-ADA6-7ED8BA2381E5}.Release|x86.Build.0 = Release|Any CPU
		{6FD5AA5E-57FA-49EE-8ECD-911B570F0593}.Debug|Any CPU.ActiveCfg = Debug|Any CPU
		{6FD5AA5E-57FA-49EE-8ECD-911B570F0593}.Debug|Any CPU.Build.0 = Debug|Any CPU
		{6FD5AA5E-57FA-49EE-8ECD-911B570F0593}.Debug|x64.ActiveCfg = Debug|Any CPU
		{6FD5AA5E-57FA-49EE-8ECD-911B570F0593}.Debug|x64.Build.0 = Debug|Any CPU
		{6FD5AA5E-57FA-49EE-8ECD-911B570F0593}.Debug|x86.ActiveCfg = Debug|Any CPU
		{6FD5AA5E-57FA-49EE-8ECD-911B570F0593}.Debug|x86.Build.0 = Debug|Any CPU
		{6FD5AA5E-57FA-49EE-8ECD-911B570F0593}.Release|Any CPU.ActiveCfg = Release|Any CPU
		{6FD5AA5E-57FA-49EE-8ECD-911B570F0593}.Release|Any CPU.Build.0 = Release|Any CPU
		{6FD5AA5E-57FA-49EE-8ECD-911B570F0593}.Release|x64.ActiveCfg = Release|Any CPU
		{6FD5AA5E-57FA-49EE-8ECD-911B570F0593}.Release|x64.Build.0 = Release|Any CPU
		{6FD5AA5E-57FA-49EE-8ECD-911B570F0593}.Release|x86.ActiveCfg = Release|Any CPU
		{6FD5AA5E-57FA-49EE-8ECD-911B570F0593}.Release|x86.Build.0 = Release|Any CPU
		{F548E99A-3825-40BC-8E96-E4575B954729}.Debug|Any CPU.ActiveCfg = Debug|Any CPU
		{F548E99A-3825-40BC-8E96-E4575B954729}.Debug|Any CPU.Build.0 = Debug|Any CPU
		{F548E99A-3825-40BC-8E96-E4575B954729}.Debug|x64.ActiveCfg = Debug|Any CPU
		{F548E99A-3825-40BC-8E96-E4575B954729}.Debug|x64.Build.0 = Debug|Any CPU
		{F548E99A-3825-40BC-8E96-E4575B954729}.Debug|x86.ActiveCfg = Debug|Any CPU
		{F548E99A-3825-40BC-8E96-E4575B954729}.Debug|x86.Build.0 = Debug|Any CPU
		{F548E99A-3825-40BC-8E96-E4575B954729}.Release|Any CPU.ActiveCfg = Release|Any CPU
		{F548E99A-3825-40BC-8E96-E4575B954729}.Release|Any CPU.Build.0 = Release|Any CPU
		{F548E99A-3825-40BC-8E96-E4575B954729}.Release|x64.ActiveCfg = Release|Any CPU
		{F548E99A-3825-40BC-8E96-E4575B954729}.Release|x64.Build.0 = Release|Any CPU
		{F548E99A-3825-40BC-8E96-E4575B954729}.Release|x86.ActiveCfg = Release|Any CPU
		{F548E99A-3825-40BC-8E96-E4575B954729}.Release|x86.Build.0 = Release|Any CPU
		{4264B8A2-E8E1-4463-ABE0-1DC26B85A1FA}.Debug|Any CPU.ActiveCfg = Debug|Any CPU
		{4264B8A2-E8E1-4463-ABE0-1DC26B85A1FA}.Debug|Any CPU.Build.0 = Debug|Any CPU
		{4264B8A2-E8E1-4463-ABE0-1DC26B85A1FA}.Debug|x64.ActiveCfg = Debug|Any CPU
		{4264B8A2-E8E1-4463-ABE0-1DC26B85A1FA}.Debug|x64.Build.0 = Debug|Any CPU
		{4264B8A2-E8E1-4463-ABE0-1DC26B85A1FA}.Debug|x86.ActiveCfg = Debug|Any CPU
		{4264B8A2-E8E1-4463-ABE0-1DC26B85A1FA}.Debug|x86.Build.0 = Debug|Any CPU
		{4264B8A2-E8E1-4463-ABE0-1DC26B85A1FA}.Release|Any CPU.ActiveCfg = Release|Any CPU
		{4264B8A2-E8E1-4463-ABE0-1DC26B85A1FA}.Release|Any CPU.Build.0 = Release|Any CPU
		{4264B8A2-E8E1-4463-ABE0-1DC26B85A1FA}.Release|x64.ActiveCfg = Release|Any CPU
		{4264B8A2-E8E1-4463-ABE0-1DC26B85A1FA}.Release|x64.Build.0 = Release|Any CPU
		{4264B8A2-E8E1-4463-ABE0-1DC26B85A1FA}.Release|x86.ActiveCfg = Release|Any CPU
		{4264B8A2-E8E1-4463-ABE0-1DC26B85A1FA}.Release|x86.Build.0 = Release|Any CPU
	EndGlobalSection
	GlobalSection(SolutionProperties) = preSolution
		HideSolutionNode = FALSE
	EndGlobalSection
	GlobalSection(NestedProjects) = preSolution
		{DD206F60-1FAF-ED75-6FA2-9D7982884EA4} = {5854FF58-B8C5-05C6-5BF2-ACE42193F22B}
		{C6FF48A8-6777-43B5-9E7C-22D25387CFFA} = {DD206F60-1FAF-ED75-6FA2-9D7982884EA4}
		{FEEE7235-C2B5-4789-8532-618F41BD99E3} = {DD206F60-1FAF-ED75-6FA2-9D7982884EA4}
		{38A10310-CD10-47DD-9056-CDBDBF056E57} = {DD206F60-1FAF-ED75-6FA2-9D7982884EA4}
		{36644C84-368E-4035-8B53-5F5C73AD4501} = {DD206F60-1FAF-ED75-6FA2-9D7982884EA4}
		{EE3F793B-3BF3-431B-9267-EE17ABF63DAE} = {5854FF58-B8C5-05C6-5BF2-ACE42193F22B}
		{1C57C2D2-1246-804C-0890-EC7B6BEC053B} = {5854FF58-B8C5-05C6-5BF2-ACE42193F22B}
		{BAB294C9-5204-4BDC-B2B3-4AE3237694AF} = {1C57C2D2-1246-804C-0890-EC7B6BEC053B}
		{C439CA4A-02E5-4C84-9A06-81D10B8B2086} = {1C57C2D2-1246-804C-0890-EC7B6BEC053B}
		{F7656225-64A9-4AFF-97FF-36AEF111F9E3} = {1C57C2D2-1246-804C-0890-EC7B6BEC053B}
		{AE0A566F-3476-4173-B29D-748CF8376399} = {1C57C2D2-1246-804C-0890-EC7B6BEC053B}
		{05772A79-6677-48D6-4812-5BDCDF485F71} = {5854FF58-B8C5-05C6-5BF2-ACE42193F22B}
		{3BEE1D6F-0AA4-45CB-BEB3-AC876FEA589A} = {05772A79-6677-48D6-4812-5BDCDF485F71}
		{A11420DF-DDE3-4911-A198-91173FA659F1} = {05772A79-6677-48D6-4812-5BDCDF485F71}
		{A897B089-2D57-40C4-B5CD-A4C15AFF3C5A} = {05772A79-6677-48D6-4812-5BDCDF485F71}
		{40BE32D3-F2BB-406A-9411-96ACB3422AE7} = {05772A79-6677-48D6-4812-5BDCDF485F71}
		{BE20E719-B6B5-F723-937D-3652F6094FC5} = {5854FF58-B8C5-05C6-5BF2-ACE42193F22B}
		{C7BB8152-8C31-4E25-ADA6-7ED8BA2381E5} = {BE20E719-B6B5-F723-937D-3652F6094FC5}
		{6FD5AA5E-57FA-49EE-8ECD-911B570F0593} = {BE20E719-B6B5-F723-937D-3652F6094FC5}
		{F548E99A-3825-40BC-8E96-E4575B954729} = {BE20E719-B6B5-F723-937D-3652F6094FC5}
		{4264B8A2-E8E1-4463-ABE0-1DC26B85A1FA} = {BE20E719-B6B5-F723-937D-3652F6094FC5}
	EndGlobalSection
	GlobalSection(ExtensibilityGlobals) = postSolution
		SolutionGuid = {B6268502-EC49-45B7-8A17-CF931D663673}
	EndGlobalSection
EndGlobal
